Microsoft Visual Studio Solution File, Format Version 12.00
# Visual Studio 2012
Project("{FAE04EC0-301F-11D3-BF4B-00C04F79EFBC}") = "YGORulingPracticeTool", "YGORulingPracticeTool.csproj", "{C54D688D-E7B0-41A4-9497-60D868AD8E08}"
EndProject
Global
	GlobalSection(SolutionConfigurationPlatforms) = preSolution
	Debug|Any CPU = Debug|Any CPU
	ExportDebug|Any CPU = ExportDebug|Any CPU
	ExportRelease|Any CPU = ExportRelease|Any CPU
	EndGlobalSection
	GlobalSection(ProjectConfigurationPlatforms) = postSolution
		{C54D688D-E7B0-41A4-9497-60D868AD8E08}.Debug|Any CPU.ActiveCfg = Debug|Any CPU
		{C54D688D-E7B0-41A4-9497-60D868AD8E08}.Debug|Any CPU.Build.0 = Debug|Any CPU
		{C54D688D-E7B0-41A4-9497-60D868AD8E08}.ExportDebug|Any CPU.ActiveCfg = ExportDebug|Any CPU
		{C54D688D-E7B0-41A4-9497-60D868AD8E08}.ExportDebug|Any CPU.Build.0 = ExportDebug|Any CPU
		{C54D688D-E7B0-41A4-9497-60D868AD8E08}.ExportRelease|Any CPU.ActiveCfg = ExportRelease|Any CPU
		{C54D688D-E7B0-41A4-9497-60D868AD8E08}.ExportRelease|Any CPU.Build.0 = ExportRelease|Any CPU
	EndGlobalSection
EndGlobal
